
Microsoft Visual Studio Solution File, Format Version 12.00
# Visual Studio Version 17
VisualStudioVersion = 17.11.35222.181
MinimumVisualStudioVersion = 10.0.40219.1
Project("{FAE04EC0-301F-11D3-BF4B-00C04F79EFBC}") = "AuthAPI", "AuthAPI\AuthAPI.csproj", "{BE326CD8-7070-4E84-977D-3C5423E0A9BA}"
EndProject
Project("{FAE04EC0-301F-11D3-BF4B-00C04F79EFBC}") = "AuthService.Core", "AuthService.Core\AuthService.Core.csproj", "{F3F994B7-DFF5-462C-9E4E-C07BFF4186CA}"
EndProject
Project("{FAE04EC0-301F-11D3-BF4B-00C04F79EFBC}") = "AuthService.Application", "AuthService.Application\AuthService.Application.csproj", "{EDCF800C-5036-4589-8583-6149971233B7}"
EndProject
Project("{FAE04EC0-301F-11D3-BF4B-00C04F79EFBC}") = "AuthService.Infrastructure", "AuthService.Infrastructure\AuthService.Infrastructure.csproj", "{E652B061-95FD-4D7B-B96D-68FC2FB54125}"
EndProject
Global
	GlobalSection(SolutionConfigurationPlatforms) = preSolution
		Debug|Any CPU = Debug|Any CPU
		Release|Any CPU = Release|Any CPU
	EndGlobalSection
	GlobalSection(ProjectConfigurationPlatforms) = postSolution
		{BE326CD8-7070-4E84-977D-3C5423E0A9BA}.Debug|Any CPU.ActiveCfg = Debug|Any CPU
		{BE326CD8-7070-4E84-977D-3C5423E0A9BA}.Debug|Any CPU.Build.0 = Debug|Any CPU
		{BE326CD8-7070-4E84-977D-3C5423E0A9BA}.Release|Any CPU.ActiveCfg = Release|Any CPU
		{BE326CD8-7070-4E84-977D-3C5423E0A9BA}.Release|Any CPU.Build.0 = Release|Any CPU
		{F3F994B7-DFF5-462C-9E4E-C07BFF4186CA}.Debug|Any CPU.ActiveCfg = Debug|Any CPU
		{F3F994B7-DFF5-462C-9E4E-C07BFF4186CA}.Debug|Any CPU.Build.0 = Debug|Any CPU
		{F3F994B7-DFF5-462C-9E4E-C07BFF4186CA}.Release|Any CPU.ActiveCfg = Release|Any CPU
		{F3F994B7-DFF5-462C-9E4E-C07BFF4186CA}.Release|Any CPU.Build.0 = Release|Any CPU
		{EDCF800C-5036-4589-8583-6149971233B7}.Debug|Any CPU.ActiveCfg = Debug|Any CPU
		{EDCF800C-5036-4589-8583-6149971233B7}.Debug|Any CPU.Build.0 = Debug|Any CPU
		{EDCF800C-5036-4589-8583-6149971233B7}.Release|Any CPU.ActiveCfg = Release|Any CPU
		{EDCF800C-5036-4589-8583-6149971233B7}.Release|Any CPU.Build.0 = Release|Any CPU
		{E652B061-95FD-4D7B-B96D-68FC2FB54125}.Debug|Any CPU.ActiveCfg = Debug|Any CPU
		{E652B061-95FD-4D7B-B96D-68FC2FB54125}.Debug|Any CPU.Build.0 = Debug|Any CPU
		{E652B061-95FD-4D7B-B96D-68FC2FB54125}.Release|Any CPU.ActiveCfg = Release|Any CPU
		{E652B061-95FD-4D7B-B96D-68FC2FB54125}.Release|Any CPU.Build.0 = Release|Any CPU
	EndGlobalSection
	GlobalSection(SolutionProperties) = preSolution
		HideSolutionNode = FALSE
	EndGlobalSection
	GlobalSection(ExtensibilityGlobals) = postSolution
		SolutionGuid = {C5E2F1CA-E367-4135-BD02-4CE96CF1DBBF}
	EndGlobalSection
EndGlobal
